# This file is automatically @generated by Cargo.
# It is not intended for manual editing.
[[package]]
name = "crate-version-diff-patch-test"
version = "0.1.0"
dependencies = [
 "serde",
]

[[package]]
name = "serde"
version = "0.9.15"
source = "registry+https://github.com/rust-lang/crates.io-index"
checksum = "34b623917345a631dc9608d5194cc206b3fe6c3554cd1c75b937e55e285254af"

[[patch.unused]]
name = "serde"
version = "1.0.117"
source = "git+https://github.com/serde-rs/serde#8084258a3edc1dc4007e8df7f24b022d015b5fb0"
